
Microsoft Visual Studio Solution File, Format Version 12.00
# Visual Studio Version 17
VisualStudioVersion = 17.11.35208.52
MinimumVisualStudioVersion = 10.0.40219.1
Project("{FAE04EC0-301F-11D3-BF4B-00C04F79EFBC}") = "LIBRARY Project", "LIBRARY Project\LIBRARY Project.csproj", "{CA8742A4-CD99-4CCD-ACB0-5A33C16EA360}"
EndProject
Global
	GlobalSection(SolutionConfigurationPlatforms) = preSolution
		Debug|Any CPU = Debug|Any CPU
		Release|Any CPU = Release|Any CPU
	EndGlobalSection
	GlobalSection(ProjectConfigurationPlatforms) = postSolution
		{CA8742A4-CD99-4CCD-ACB0-5A33C16EA360}.Debug|Any CPU.ActiveCfg = Debug|Any CPU
		{CA8742A4-CD99-4CCD-ACB0-5A33C16EA360}.Debug|Any CPU.Build.0 = Debug|Any CPU
		{CA8742A4-CD99-4CCD-ACB0-5A33C16EA360}.Release|Any CPU.ActiveCfg = Release|Any CPU
		{CA8742A4-CD99-4CCD-ACB0-5A33C16EA360}.Release|Any CPU.Build.0 = Release|Any CPU
	EndGlobalSection
	GlobalSection(SolutionProperties) = preSolution
		HideSolutionNode = FALSE
	EndGlobalSection
	GlobalSection(ExtensibilityGlobals) = postSolution
		SolutionGuid = {480AB117-76DD-489C-BF81-ABC41F0FBE64}
	EndGlobalSection
EndGlobal
